
Microsoft Visual Studio Solution File, Format Version 10.00
# Visual Studio 2008
Project("{FAE04EC0-301F-11D3-BF4B-00C04F79EFBC}") = "SharpServ", "SharpServ\SharpServ.csproj", "{B7CC0C07-FF18-4C28-A6AE-3336D8C9B62F}"
EndProject
Global
	GlobalSection(SolutionConfigurationPlatforms) = preSolution
		Debug|x86 = Debug|x86
		Release|x86 = Release|x86
	EndGlobalSection
	GlobalSection(ProjectConfigurationPlatforms) = postSolution
		{B7CC0C07-FF18-4C28-A6AE-3336D8C9B62F}.Debug|x86.ActiveCfg = Debug|x86
		{B7CC0C07-FF18-4C28-A6AE-3336D8C9B62F}.Debug|x86.Build.0 = Debug|x86
		{B7CC0C07-FF18-4C28-A6AE-3336D8C9B62F}.Release|x86.ActiveCfg = Release|x86
		{B7CC0C07-FF18-4C28-A6AE-3336D8C9B62F}.Release|x86.Build.0 = Release|x86
	EndGlobalSection
	GlobalSection(MonoDevelopProperties) = preSolution
		StartupItem = SharpServ\SharpServ.csproj
	EndGlobalSection
EndGlobal
